{
  "name": "node_example",
  "version": "0.2.0",
  "lockfileVersion": 1,
  "requires": true,
  "dependencies": {
    "@gamebridgeai/ts_serialize": {
      "version": "0.2.4",
      "resolved": "https://registry.npmjs.org/@gamebridgeai/ts_serialize/-/ts_serialize-0.2.4.tgz",
      "integrity": "sha512-SZjy+OIezypiaidQ5d/W7lbGLb+Fp1XNzyi4B3W4SawXZSxHmAuh6mvuNQMASVWvlIcdVLHB7APzY3HDhvfXRA=="
    },
    "@types/node": {
      "version": "14.11.1",
      "resolved": "https://registry.npmjs.org/@types/node/-/node-14.11.1.tgz",
      "integrity": "sha512-oTQgnd0hblfLsJ6BvJzzSL+Inogp3lq9fGgqRkMB/ziKMgEUaFl801OncOzUmalfzt14N0oPHMK47ipl+wbTIw=="
    },
    "typescript": {
      "version": "4.0.3",
      "resolved": "https://registry.npmjs.org/typescript/-/typescript-4.0.3.tgz",
      "integrity": "sha512-tEu6DGxGgRJPb/mVPIZ48e69xCn2yRmCgYmDugAVwmJ6o+0u1RI18eO7E7WBTLYLaEVVOhwQmcdhQHweux/WPg=="
    }
  }
}
